// !$*UTF8*$!
{
	archiveVersion = 1;
	classes = {
	};
	objectVersion = 50;
	objects = {

/* Begin PBXBuildFile section */
		0215720A213D981400541DF0 /* AppDelegate.swift in Sources */ = {isa = PBXBuildFile; fileRef = 02157209213D981400541DF0 /* AppDelegate.swift */; };
		0215720C213D981500541DF0 /* TodoListViewController.swift in Sources */ = {isa = PBXBuildFile; fileRef = 0215720B213D981500541DF0 /* TodoListViewController.swift */; };
		0215720F213D981500541DF0 /* Main.storyboard in Resources */ = {isa = PBXBuildFile; fileRef = 0215720D213D981500541DF0 /* Main.storyboard */; };
		02157211213D981900541DF0 /* Assets.xcassets in Resources */ = {isa = PBXBuildFile; fileRef = 02157210213D981900541DF0 /* Assets.xcassets */; };
		02157214213D981900541DF0 /* LaunchScreen.storyboard in Resources */ = {isa = PBXBuildFile; fileRef = 02157212213D981900541DF0 /* LaunchScreen.storyboard */; };
		02694678214453C6004B9B1B /* Item.swift in Sources */ = {isa = PBXBuildFile; fileRef = 02694677214453C6004B9B1B /* Item.swift */; };
		0269467A214453D2004B9B1B /* Category.swift in Sources */ = {isa = PBXBuildFile; fileRef = 02694679214453D2004B9B1B /* Category.swift */; };
		0269467E21449AD7004B9B1B /* SwipeTableViewController.swift in Sources */ = {isa = PBXBuildFile; fileRef = 0269467D21449AD7004B9B1B /* SwipeTableViewController.swift */; };
		0279B2AF21435D8700A33150 /* CategoryViewController.swift in Sources */ = {isa = PBXBuildFile; fileRef = 0279B2AE21435D8700A33150 /* CategoryViewController.swift */; };
		064B9CC2A7E840F0DB996BA8 /* Pods_OCDidIt.framework in Frameworks */ = {isa = PBXBuildFile; fileRef = FEFC9787A79D590EFF39C0FB /* Pods_OCDidIt.framework */; };
/* End PBXBuildFile section */

/* Begin PBXFileReference section */
		02157206213D981400541DF0 /* OCDidIt.app */ = {isa = PBXFileReference; explicitFileType = wrapper.application; includeInIndex = 0; path = OCDidIt.app; sourceTree = BUILT_PRODUCTS_DIR; };
		02157209213D981400541DF0 /* AppDelegate.swift */ = {isa = PBXFileReference; lastKnownFileType = sourcecode.swift; path = AppDelegate.swift; sourceTree = "<group>"; };
		0215720B213D981500541DF0 /* TodoListViewController.swift */ = {isa = PBXFileReference; lastKnownFileType = sourcecode.swift; path = TodoListViewController.swift; sourceTree = "<group>"; };
		0215720E213D981500541DF0 /* Base */ = {isa = PBXFileReference; lastKnownFileType = file.storyboard; name = Base; path = Base.lproj/Main.storyboard; sourceTree = "<group>"; };
		02157210213D981900541DF0 /* Assets.xcassets */ = {isa = PBXFileReference; lastKnownFileType = folder.assetcatalog; path = Assets.xcassets; sourceTree = "<group>"; };
		02157213213D981900541DF0 /* Base */ = {isa = PBXFileReference; lastKnownFileType = file.storyboard; name = Base; path = Base.lproj/LaunchScreen.storyboard; sourceTree = "<group>"; };
		02157215213D981900541DF0 /* Info.plist */ = {isa = PBXFileReference; lastKnownFileType = text.plist.xml; path = Info.plist; sourceTree = "<group>"; };
		02694677214453C6004B9B1B /* Item.swift */ = {isa = PBXFileReference; lastKnownFileType = sourcecode.swift; path = Item.swift; sourceTree = "<group>"; };
		02694679214453D2004B9B1B /* Category.swift */ = {isa = PBXFileReference; lastKnownFileType = sourcecode.swift; path = Category.swift; sourceTree = "<group>"; };
		0269467D21449AD7004B9B1B /* SwipeTableViewController.swift */ = {isa = PBXFileReference; lastKnownFileType = sourcecode.swift; path = SwipeTableViewController.swift; sourceTree = "<group>"; };
		0279B2AE21435D8700A33150 /* CategoryViewController.swift */ = {isa = PBXFileReference; lastKnownFileType = sourcecode.swift; name = CategoryViewController.swift; path = OCDidIt/Controllers/CategoryViewController.swift; sourceTree = SOURCE_ROOT; };
		3872DA7D9F3F1EB8776BD4B3 /* Pods-OCDidIt.debug.xcconfig */ = {isa = PBXFileReference; includeInIndex = 1; lastKnownFileType = text.xcconfig; name = "Pods-OCDidIt.debug.xcconfig"; path = "Pods/Target Support Files/Pods-OCDidIt/Pods-OCDidIt.debug.xcconfig"; sourceTree = "<group>"; };
		CBB9AA77E09CDEBB6AB4D447 /* Pods-OCDidIt.release.xcconfig */ = {isa = PBXFileReference; includeInIndex = 1; lastKnownFileType = text.xcconfig; name = "Pods-OCDidIt.release.xcconfig"; path = "Pods/Target Support Files/Pods-OCDidIt/Pods-OCDidIt.release.xcconfig"; sourceTree = "<group>"; };
		FEFC9787A79D590EFF39C0FB /* Pods_OCDidIt.framework */ = {isa = PBXFileReference; explicitFileType = wrapper.framework; includeInIndex = 0; path = Pods_OCDidIt.framework; sourceTree = BUILT_PRODUCTS_DIR; };
/* End PBXFileReference section */

/* Begin PBXFrameworksBuildPhase section */
		02157203213D981400541DF0 /* Frameworks */ = {
			isa = PBXFrameworksBuildPhase;
			buildActionMask = 2147483647;
			files = (
				064B9CC2A7E840F0DB996BA8 /* Pods_OCDidIt.framework in Frameworks */,
			);
			runOnlyForDeploymentPostprocessing = 0;
		};
/* End PBXFrameworksBuildPhase section */

/* Begin PBXGroup section */
		021571FD213D981400541DF0 = {
			isa = PBXGroup;
			children = (
				02157208213D981400541DF0 /* OCDidIt */,
				02157207213D981400541DF0 /* Products */,
				12864F09274B11ACCE74A340 /* Pods */,
				4CF1D55A91C72216272A7660 /* Frameworks */,
			);
			sourceTree = "<group>";
		};
		02157207213D981400541DF0 /* Products */ = {
			isa = PBXGroup;
			children = (
				02157206213D981400541DF0 /* OCDidIt.app */,
			);
			name = Products;
			sourceTree = "<group>";
		};
		02157208213D981400541DF0 /* OCDidIt */ = {
			isa = PBXGroup;
			children = (
				02157209213D981400541DF0 /* AppDelegate.swift */,
				02BD1F1B213F70A40027804A /* Controllers */,
				02BD1F19213F707C0027804A /* Data Model */,
				02BD1F1A213F70840027804A /* View */,
				02BD1F1C213F70B50027804A /* Supporting Files */,
				02157215213D981900541DF0 /* Info.plist */,
			);
			path = OCDidIt;
			sourceTree = "<group>";
		};
		02BD1F19213F707C0027804A /* Data Model */ = {
			isa = PBXGroup;
			children = (
				02694679214453D2004B9B1B /* Category.swift */,
				02694677214453C6004B9B1B /* Item.swift */,
			);
			path = "Data Model";
			sourceTree = "<group>";
		};
		02BD1F1A213F70840027804A /* View */ = {
			isa = PBXGroup;
			children = (
				0215720D213D981500541DF0 /* Main.storyboard */,
				02157212213D981900541DF0 /* LaunchScreen.storyboard */,
			);
			path = View;
			sourceTree = "<group>";
		};
		02BD1F1B213F70A40027804A /* Controllers */ = {
			isa = PBXGroup;
			children = (
				0279B2AE21435D8700A33150 /* CategoryViewController.swift */,
				0215720B213D981500541DF0 /* TodoListViewController.swift */,
				0269467D21449AD7004B9B1B /* SwipeTableViewController.swift */,
			);
			path = Controllers;
			sourceTree = "<group>";
		};
		02BD1F1C213F70B50027804A /* Supporting Files */ = {
			isa = PBXGroup;
			children = (
				02157210213D981900541DF0 /* Assets.xcassets */,
			);
			path = "Supporting Files";
			sourceTree = "<group>";
		};
		12864F09274B11ACCE74A340 /* Pods */ = {
			isa = PBXGroup;
			children = (
				3872DA7D9F3F1EB8776BD4B3 /* Pods-OCDidIt.debug.xcconfig */,
				CBB9AA77E09CDEBB6AB4D447 /* Pods-OCDidIt.release.xcconfig */,
			);
			name = Pods;
			sourceTree = "<group>";
		};
		4CF1D55A91C72216272A7660 /* Frameworks */ = {
			isa = PBXGroup;
			children = (
				FEFC9787A79D590EFF39C0FB /* Pods_OCDidIt.framework */,
			);
			name = Frameworks;
			sourceTree = "<group>";
		};
/* End PBXGroup section */

/* Begin PBXNativeTarget section */
		02157205213D981400541DF0 /* OCDidIt */ = {
			isa = PBXNativeTarget;
			buildConfigurationList = 02157218213D981900541DF0 /* Build configuration list for PBXNativeTarget "OCDidIt" */;
			buildPhases = (
				D0D25E5B956260F14E7C5DA0 /* [CP] Check Pods Manifest.lock */,
				02157202213D981400541DF0 /* Sources */,
				02157203213D981400541DF0 /* Frameworks */,
				02157204213D981400541DF0 /* Resources */,
				98D1E044339DCBFD2F807EC2 /* [CP] Embed Pods Frameworks */,
			);
			buildRules = (
			);
			dependencies = (
			);
			name = OCDidIt;
			productName = OCDidIt;
			productReference = 02157206213D981400541DF0 /* OCDidIt.app */;
			productType = "com.apple.product-type.application";
		};
/* End PBXNativeTarget section */

/* Begin PBXProject section */
		021571FE213D981400541DF0 /* Project object */ = {
			isa = PBXProject;
			attributes = {
				LastSwiftUpdateCheck = 0940;
				LastUpgradeCheck = 0940;
				ORGANIZATIONNAME = "George Dickson";
				TargetAttributes = {
					02157205213D981400541DF0 = {
						CreatedOnToolsVersion = 9.4.1;
					};
				};
			};
			buildConfigurationList = 02157201213D981400541DF0 /* Build configuration list for PBXProject "OCDidIt" */;
			compatibilityVersion = "Xcode 9.3";
			developmentRegion = en;
			hasScannedForEncodings = 0;
			knownRegions = (
				en,
				Base,
			);
			mainGroup = 021571FD213D981400541DF0;
			productRefGroup = 02157207213D981400541DF0 /* Products */;
			projectDirPath = "";
			projectRoot = "";
			targets = (
				02157205213D981400541DF0 /* OCDidIt */,
			);
		};
/* End PBXProject section */

/* Begin PBXResourcesBuildPhase section */
		02157204213D981400541DF0 /* Resources */ = {
			isa = PBXResourcesBuildPhase;
			buildActionMask = 2147483647;
			files = (
				02157214213D981900541DF0 /* LaunchScreen.storyboard in Resources */,
				02157211213D981900541DF0 /* Assets.xcassets in Resources */,
				0215720F213D981500541DF0 /* Main.storyboard in Resources */,
			);
			runOnlyForDeploymentPostprocessing = 0;
		};
/* End PBXResourcesBuildPhase section */

/* Begin PBXShellScriptBuildPhase section */
		98D1E044339DCBFD2F807EC2 /* [CP] Embed Pods Frameworks */ = {
			isa = PBXShellScriptBuildPhase;
			buildActionMask = 2147483647;
			files = (
			);
			inputPaths = (
				"${SRCROOT}/Pods/Target Support Files/Pods-OCDidIt/Pods-OCDidIt-frameworks.sh",
				"${BUILT_PRODUCTS_DIR}/ChameleonFramework/ChameleonFramework.framework",
				"${BUILT_PRODUCTS_DIR}/Realm/Realm.framework",
				"${BUILT_PRODUCTS_DIR}/RealmSwift/RealmSwift.framework",
				"${BUILT_PRODUCTS_DIR}/SwipeCellKit/SwipeCellKit.framework",
			);
			name = "[CP] Embed Pods Frameworks";
			outputPaths = (
				"${TARGET_BUILD_DIR}/${FRAMEWORKS_FOLDER_PATH}/ChameleonFramework.framework",
				"${TARGET_BUILD_DIR}/${FRAMEWORKS_FOLDER_PATH}/Realm.framework",
				"${TARGET_BUILD_DIR}/${FRAMEWORKS_FOLDER_PATH}/RealmSwift.framework",
				"${TARGET_BUILD_DIR}/${FRAMEWORKS_FOLDER_PATH}/SwipeCellKit.framework",
			);
			runOnlyForDeploymentPostprocessing = 0;
			shellPath = /bin/sh;
			shellScript = "\"${SRCROOT}/Pods/Target Support Files/Pods-OCDidIt/Pods-OCDidIt-frameworks.sh\"\n";
			showEnvVarsInLog = 0;
		};
		D0D25E5B956260F14E7C5DA0 /* [CP] Check Pods Manifest.lock */ = {
			isa = PBXShellScriptBuildPhase;
			buildActionMask = 2147483647;
			files = (
			);
			inputPaths = (
				"${PODS_PODFILE_DIR_PATH}/Podfile.lock",
				"${PODS_ROOT}/Manifest.lock",
			);
			name = "[CP] Check Pods Manifest.lock";
			outputPaths = (
				"$(DERIVED_FILE_DIR)/Pods-OCDidIt-checkManifestLockResult.txt",
			);
			runOnlyForDeploymentPostprocessing = 0;
			shellPath = /bin/sh;
			shellScript = "diff \"${PODS_PODFILE_DIR_PATH}/Podfile.lock\" \"${PODS_ROOT}/Manifest.lock\" > /dev/null\nif [ $? != 0 ] ; then\n    # print error to STDERR\n    echo \"error: The sandbox is not in sync with the Podfile.lock. Run 'pod install' or update your CocoaPods installation.\" >&2\n    exit 1\nfi\n# This output is used by Xcode 'outputs' to avoid re-running this script phase.\necho \"SUCCESS\" > \"${SCRIPT_OUTPUT_FILE_0}\"\n";
			showEnvVarsInLog = 0;
		};
/* End PBXShellScriptBuildPhase section */

/* Begin PBXSourcesBuildPhase section */
		02157202213D981400541DF0 /* Sources */ = {
			isa = PBXSourcesBuildPhase;
			buildActionMask = 2147483647;
			files = (
				02694678214453C6004B9B1B /* Item.swift in Sources */,
				0279B2AF21435D8700A33150 /* CategoryViewController.swift in Sources */,
				0215720C213D981500541DF0 /* TodoListViewController.swift in Sources */,
				0215720A213D981400541DF0 /* AppDelegate.swift in Sources */,
				0269467E21449AD7004B9B1B /* SwipeTableViewController.swift in Sources */,
				0269467A214453D2004B9B1B /* Category.swift in Sources */,
			);
			runOnlyForDeploymentPostprocessing = 0;
		};
/* End PBXSourcesBuildPhase section */

/* Begin PBXVariantGroup section */
		0215720D213D981500541DF0 /* Main.storyboard */ = {
			isa = PBXVariantGroup;
			children = (
				0215720E213D981500541DF0 /* Base */,
			);
			name = Main.storyboard;
			sourceTree = "<group>";
		};
		02157212213D981900541DF0 /* LaunchScreen.storyboard */ = {
			isa = PBXVariantGroup;
			children = (
				02157213213D981900541DF0 /* Base */,
			);
			name = LaunchScreen.storyboard;
			sourceTree = "<group>";
		};
/* End PBXVariantGroup section */

/* Begin XCBuildConfiguration section */
		02157216213D981900541DF0 /* Debug */ = {
			isa = XCBuildConfiguration;
			buildSettings = {
				ALWAYS_SEARCH_USER_PATHS = NO;
				CLANG_ANALYZER_NONNULL = YES;
				CLANG_ANALYZER_NUMBER_OBJECT_CONVERSION = YES_AGGRESSIVE;
				CLANG_CXX_LANGUAGE_STANDARD = "gnu++14";
				CLANG_CXX_LIBRARY = "libc++";
				CLANG_ENABLE_MODULES = YES;
				CLANG_ENABLE_OBJC_ARC = YES;
				CLANG_ENABLE_OBJC_WEAK = YES;
				CLANG_WARN_BLOCK_CAPTURE_AUTORELEASING = YES;
				CLANG_WARN_BOOL_CONVERSION = YES;
				CLANG_WARN_COMMA = YES;
				CLANG_WARN_CONSTANT_CONVERSION = YES;
				CLANG_WARN_DEPRECATED_OBJC_IMPLEMENTATIONS = YES;
				CLANG_WARN_DIRECT_OBJC_ISA_USAGE = YES_ERROR;
				CLANG_WARN_DOCUMENTATION_COMMENTS = YES;
				CLANG_WARN_EMPTY_BODY = YES;
				CLANG_WARN_ENUM_CONVERSION = YES;
				CLANG_WARN_INFINITE_RECURSION = YES;
				CLANG_WARN_INT_CONVERSION = YES;
				CLANG_WARN_NON_LITERAL_NULL_CONVERSION = YES;
				CLANG_WARN_OBJC_IMPLICIT_RETAIN_SELF = YES;
				CLANG_WARN_OBJC_LITERAL_CONVERSION = YES;
				CLANG_WARN_OBJC_ROOT_CLASS = YES_ERROR;
				CLANG_WARN_RANGE_LOOP_ANALYSIS = YES;
				CLANG_WARN_STRICT_PROTOTYPES = YES;
				CLANG_WARN_SUSPICIOUS_MOVE = YES;
				CLANG_WARN_UNGUARDED_AVAILABILITY = YES_AGGRESSIVE;
				CLANG_WARN_UNREACHABLE_CODE = YES;
				CLANG_WARN__DUPLICATE_METHOD_MATCH = YES;
				CODE_SIGN_IDENTITY = "iPhone Developer";
				COPY_PHASE_STRIP = NO;
				DEBUG_INFORMATION_FORMAT = dwarf;
				ENABLE_STRICT_OBJC_MSGSEND = YES;
				ENABLE_TESTABILITY = YES;
				GCC_C_LANGUAGE_STANDARD = gnu11;
				GCC_DYNAMIC_NO_PIC = NO;
				GCC_NO_COMMON_BLOCKS = YES;
				GCC_OPTIMIZATION_LEVEL = 0;
				GCC_PREPROCESSOR_DEFINITIONS = (
					"DEBUG=1",
					"$(inherited)",
				);
				GCC_WARN_64_TO_32_BIT_CONVERSION = YES;
				GCC_WARN_ABOUT_RETURN_TYPE = YES_ERROR;
				GCC_WARN_UNDECLARED_SELECTOR = YES;
				GCC_WARN_UNINITIALIZED_AUTOS = YES_AGGRESSIVE;
				GCC_WARN_UNUSED_FUNCTION = YES;
				GCC_WARN_UNUSED_VARIABLE = YES;
				IPHONEOS_DEPLOYMENT_TARGET = 11.4;
				MTL_ENABLE_DEBUG_INFO = YES;
				ONLY_ACTIVE_ARCH = YES;
				SDKROOT = iphoneos;
				SWIFT_ACTIVE_COMPILATION_CONDITIONS = DEBUG;
				SWIFT_OPTIMIZATION_LEVEL = "-Onone";
			};
			name = Debug;
		};
		02157217213D981900541DF0 /* Release */ = {
			isa = XCBuildConfiguration;
			buildSettings = {
				ALWAYS_SEARCH_USER_PATHS = NO;
				CLANG_ANALYZER_NONNULL = YES;
				CLANG_ANALYZER_NUMBER_OBJECT_CONVERSION = YES_AGGRESSIVE;
				CLANG_CXX_LANGUAGE_STANDARD = "gnu++14";
				CLANG_CXX_LIBRARY = "libc++";
				CLANG_ENABLE_MODULES = YES;
				CLANG_ENABLE_OBJC_ARC = YES;
				CLANG_ENABLE_OBJC_WEAK = YES;
				CLANG_WARN_BLOCK_CAPTURE_AUTORELEASING = YES;
				CLANG_WARN_BOOL_CONVERSION = YES;
				CLANG_WARN_COMMA = YES;
				CLANG_WARN_CONSTANT_CONVERSION = YES;
				CLANG_WARN_DEPRECATED_OBJC_IMPLEMENTATIONS = YES;
				CLANG_WARN_DIRECT_OBJC_ISA_USAGE = YES_ERROR;
				CLANG_WARN_DOCUMENTATION_COMMENTS = YES;
				CLANG_WARN_EMPTY_BODY = YES;
				CLANG_WARN_ENUM_CONVERSION = YES;
				CLANG_WARN_INFINITE_RECURSION = YES;
				CLANG_WARN_INT_CONVERSION = YES;
				CLANG_WARN_NON_LITERAL_NULL_CONVERSION = YES;
				CLANG_WARN_OBJC_IMPLICIT_RETAIN_SELF = YES;
				CLANG_WARN_OBJC_LITERAL_CONVERSION = YES;
				CLANG_WARN_OBJC_ROOT_CLASS = YES_ERROR;
				CLANG_WARN_RANGE_LOOP_ANALYSIS = YES;
				CLANG_WARN_STRICT_PROTOTYPES = YES;
				CLANG_WARN_SUSPICIOUS_MOVE = YES;
				CLANG_WARN_UNGUARDED_AVAILABILITY = YES_AGGRESSIVE;
				CLANG_WARN_UNREACHABLE_CODE = YES;
				CLANG_WARN__DUPLICATE_METHOD_MATCH = YES;
				CODE_SIGN_IDENTITY = "iPhone Developer";
				COPY_PHASE_STRIP = NO;
				DEBUG_INFORMATION_FORMAT = "dwarf-with-dsym";
				ENABLE_NS_ASSERTIONS = NO;
				ENABLE_STRICT_OBJC_MSGSEND = YES;
				GCC_C_LANGUAGE_STANDARD = gnu11;
				GCC_NO_COMMON_BLOCKS = YES;
				GCC_WARN_64_TO_32_BIT_CONVERSION = YES;
				GCC_WARN_ABOUT_RETURN_TYPE = YES_ERROR;
				GCC_WARN_UNDECLARED_SELECTOR = YES;
				GCC_WARN_UNINITIALIZED_AUTOS = YES_AGGRESSIVE;
				GCC_WARN_UNUSED_FUNCTION = YES;
				GCC_WARN_UNUSED_VARIABLE = YES;
				IPHONEOS_DEPLOYMENT_TARGET = 11.4;
				MTL_ENABLE_DEBUG_INFO = NO;
				SDKROOT = iphoneos;
				SWIFT_COMPILATION_MODE = wholemodule;
				SWIFT_OPTIMIZATION_LEVEL = "-O";
				VALIDATE_PRODUCT = YES;
			};
			name = Release;
		};
		02157219213D981900541DF0 /* Debug */ = {
			isa = XCBuildConfiguration;
			baseConfigurationReference = 3872DA7D9F3F1EB8776BD4B3 /* Pods-OCDidIt.debug.xcconfig */;
			buildSettings = {
				ASSETCATALOG_COMPILER_APPICON_NAME = AppIcon;
				CODE_SIGN_STYLE = Automatic;
				DEVELOPMENT_TEAM = P5F8H64B6J;
				INFOPLIST_FILE = OCDidIt/Info.plist;
				LD_RUNPATH_SEARCH_PATHS = (
					"$(inherited)",
					"@executable_path/Frameworks",
				);
				PRODUCT_BUNDLE_IDENTIFIER = com.georgeldickson.OCDidIt;
				PRODUCT_NAME = "$(TARGET_NAME)";
				SWIFT_VERSION = 4.0;
				TARGETED_DEVICE_FAMILY = "1,2";
			};
			name = Debug;
		};
		0215721A213D981900541DF0 /* Release */ = {
			isa = XCBuildConfiguration;
			baseConfigurationReference = CBB9AA77E09CDEBB6AB4D447 /* Pods-OCDidIt.release.xcconfig */;
			buildSettings = {
				ASSETCATALOG_COMPILER_APPICON_NAME = AppIcon;
				CODE_SIGN_STYLE = Automatic;
				DEVELOPMENT_TEAM = P5F8H64B6J;
				INFOPLIST_FILE = OCDidIt/Info.plist;
				LD_RUNPATH_SEARCH_PATHS = (
					"$(inherited)",
					"@executable_path/Frameworks",
				);
				PRODUCT_BUNDLE_IDENTIFIER = com.georgeldickson.OCDidIt;
				PRODUCT_NAME = "$(TARGET_NAME)";
				SWIFT_VERSION = 4.0;
				TARGETED_DEVICE_FAMILY = "1,2";
			};
			name = Release;
		};
/* End XCBuildConfiguration section */

/* Begin XCConfigurationList section */
		02157201213D981400541DF0 /* Build configuration list for PBXProject "OCDidIt" */ = {
			isa = XCConfigurationList;
			buildConfigurations = (
				02157216213D981900541DF0 /* Debug */,
				02157217213D981900541DF0 /* Release */,
			);
			defaultConfigurationIsVisible = 0;
			defaultConfigurationName = Release;
		};
		02157218213D981900541DF0 /* Build configuration list for PBXNativeTarget "OCDidIt" */ = {
			isa = XCConfigurationList;
			buildConfigurations = (
				02157219213D981900541DF0 /* Debug */,
				0215721A213D981900541DF0 /* Release */,
			);
			defaultConfigurationIsVisible = 0;
			defaultConfigurationName = Release;
		};
/* End XCConfigurationList section */
	};
	rootObject = 021571FE213D981400541DF0 /* Project object */;
}
